// !$*UTF8*$!
{
	archiveVersion = 1;
	classes = {
	};
	objectVersion = 55;
	objects = {

/* Begin PBXBuildFile section */
		585FEFD128029BDE00077BA9 /* AppDelegate.swift in Sources */ = {isa = PBXBuildFile; fileRef = 585FEFD028029BDE00077BA9 /* AppDelegate.swift */; };
		585FEFD328029BDE00077BA9 /* SceneDelegate.swift in Sources */ = {isa = PBXBuildFile; fileRef = 585FEFD228029BDE00077BA9 /* SceneDelegate.swift */; };
		585FEFD528029BDE00077BA9 /* MainController.swift in Sources */ = {isa = PBXBuildFile; fileRef = 585FEFD428029BDE00077BA9 /* MainController.swift */; };
		585FEFD828029BDE00077BA9 /* Main.storyboard in Resources */ = {isa = PBXBuildFile; fileRef = 585FEFD628029BDE00077BA9 /* Main.storyboard */; };
		585FEFDA28029BDF00077BA9 /* Assets.xcassets in Resources */ = {isa = PBXBuildFile; fileRef = 585FEFD928029BDF00077BA9 /* Assets.xcassets */; };
		585FEFDD28029BDF00077BA9 /* LaunchScreen.storyboard in Resources */ = {isa = PBXBuildFile; fileRef = 585FEFDB28029BDF00077BA9 /* LaunchScreen.storyboard */; };
		585FEFE828029BDF00077BA9 /* JikanDemoTests.swift in Sources */ = {isa = PBXBuildFile; fileRef = 585FEFE728029BDF00077BA9 /* JikanDemoTests.swift */; };
		585FEFF228029BDF00077BA9 /* JikanDemoUITests.swift in Sources */ = {isa = PBXBuildFile; fileRef = 585FEFF128029BDF00077BA9 /* JikanDemoUITests.swift */; };
		585FEFF428029BDF00077BA9 /* JikanDemoUITestsLaunchTests.swift in Sources */ = {isa = PBXBuildFile; fileRef = 585FEFF328029BDF00077BA9 /* JikanDemoUITestsLaunchTests.swift */; };
		585FF00A28029F6400077BA9 /* RxCocoa in Frameworks */ = {isa = PBXBuildFile; productRef = 585FF00928029F6400077BA9 /* RxCocoa */; };
		585FF00C28029F6400077BA9 /* RxSwift in Frameworks */ = {isa = PBXBuildFile; productRef = 585FF00B28029F6400077BA9 /* RxSwift */; };
		585FF00F28029F9200077BA9 /* Rswift in Frameworks */ = {isa = PBXBuildFile; productRef = 585FF00E28029F9200077BA9 /* Rswift */; };
		585FF01228029FEF00077BA9 /* CocoaLumberjackSwift in Frameworks */ = {isa = PBXBuildFile; productRef = 585FF01128029FEF00077BA9 /* CocoaLumberjackSwift */; };
		585FF0152802A02D00077BA9 /* RxMoya in Frameworks */ = {isa = PBXBuildFile; productRef = 585FF0142802A02D00077BA9 /* RxMoya */; };
		585FF0182802A04600077BA9 /* SnapKit in Frameworks */ = {isa = PBXBuildFile; productRef = 585FF0172802A04600077BA9 /* SnapKit */; };
		585FF01B2802A05900077BA9 /* NSObject-Rx in Frameworks */ = {isa = PBXBuildFile; productRef = 585FF01A2802A05900077BA9 /* NSObject-Rx */; };
		585FF01E2802A06C00077BA9 /* Hero in Frameworks */ = {isa = PBXBuildFile; productRef = 585FF01D2802A06C00077BA9 /* Hero */; };
		585FF0212802A08B00077BA9 /* RxGesture in Frameworks */ = {isa = PBXBuildFile; productRef = 585FF0202802A08B00077BA9 /* RxGesture */; };
		585FF0242802A0AE00077BA9 /* IQKeyboardManagerSwift in Frameworks */ = {isa = PBXBuildFile; productRef = 585FF0232802A0AE00077BA9 /* IQKeyboardManagerSwift */; };
		585FF0272802A14F00077BA9 /* FirebaseAnalytics in Frameworks */ = {isa = PBXBuildFile; productRef = 585FF0262802A14F00077BA9 /* FirebaseAnalytics */; };
		585FF0292802A14F00077BA9 /* FirebaseCrashlytics in Frameworks */ = {isa = PBXBuildFile; productRef = 585FF0282802A14F00077BA9 /* FirebaseCrashlytics */; };
		585FF02C2802A19100077BA9 /* RxDataSources in Frameworks */ = {isa = PBXBuildFile; productRef = 585FF02B2802A19100077BA9 /* RxDataSources */; };
		585FF0302802A1E700077BA9 /* Hero in Embed Frameworks */ = {isa = PBXBuildFile; productRef = 585FF01D2802A06C00077BA9 /* Hero */; settings = {ATTRIBUTES = (CodeSignOnCopy, ); }; };
		585FF0332802A26C00077BA9 /* R.generated.swift in Sources */ = {isa = PBXBuildFile; fileRef = 585FF0322802A26C00077BA9 /* R.generated.swift */; };
		585FF0392802A3C300077BA9 /* Settings.bundle in Resources */ = {isa = PBXBuildFile; fileRef = 585FF0382802A3C300077BA9 /* Settings.bundle */; };
		585FF03B2802A3F500077BA9 /* GoogleService-Info.plist in Resources */ = {isa = PBXBuildFile; fileRef = 585FF03A2802A3F500077BA9 /* GoogleService-Info.plist */; };
		585FF0412802A4A300077BA9 /* TopManga.json in Resources */ = {isa = PBXBuildFile; fileRef = 585FF03D2802A4A300077BA9 /* TopManga.json */; };
		585FF0422802A4A300077BA9 /* TopAnime.json in Resources */ = {isa = PBXBuildFile; fileRef = 585FF03E2802A4A300077BA9 /* TopAnime.json */; };
		585FF0432802A4A300077BA9 /* EmptyArray.json in Resources */ = {isa = PBXBuildFile; fileRef = 585FF03F2802A4A300077BA9 /* EmptyArray.json */; };
		585FF0442802A4A300077BA9 /* EmptyObject.json in Resources */ = {isa = PBXBuildFile; fileRef = 585FF0402802A4A300077BA9 /* EmptyObject.json */; };
		585FF0462802A4AC00077BA9 /* JikanAPI.swift in Sources */ = {isa = PBXBuildFile; fileRef = 585FF0452802A4AC00077BA9 /* JikanAPI.swift */; };
		585FF0482802A75A00077BA9 /* LibsManager.swift in Sources */ = {isa = PBXBuildFile; fileRef = 585FF0472802A75A00077BA9 /* LibsManager.swift */; };
		585FF04A2802A7E500077BA9 /* LogManager.swift in Sources */ = {isa = PBXBuildFile; fileRef = 585FF0492802A7E500077BA9 /* LogManager.swift */; };
		585FF04C2802AC7500077BA9 /* AnimeModel.swift in Sources */ = {isa = PBXBuildFile; fileRef = 585FF04B2802AC7500077BA9 /* AnimeModel.swift */; };
		585FF0582802B79600077BA9 /* ObjectMapper in Frameworks */ = {isa = PBXBuildFile; productRef = 585FF0572802B79600077BA9 /* ObjectMapper */; };
		585FF05F2802B82F00077BA9 /* Response+ObjectMapper.swift in Sources */ = {isa = PBXBuildFile; fileRef = 585FF05B2802B82F00077BA9 /* Response+ObjectMapper.swift */; };
		585FF0602802B82F00077BA9 /* ObservableType+ObjectMapper.swift in Sources */ = {isa = PBXBuildFile; fileRef = 585FF05D2802B82F00077BA9 /* ObservableType+ObjectMapper.swift */; };
		585FF0612802B82F00077BA9 /* Single+ObjectMapper.swift in Sources */ = {isa = PBXBuildFile; fileRef = 585FF05E2802B82F00077BA9 /* Single+ObjectMapper.swift */; };
		585FF06328033D4400077BA9 /* MangaModel.swift in Sources */ = {isa = PBXBuildFile; fileRef = 585FF06228033D4400077BA9 /* MangaModel.swift */; };
		5884453C280345C400325D32 /* TableViewCell.swift in Sources */ = {isa = PBXBuildFile; fileRef = 5884453A280345C400325D32 /* TableViewCell.swift */; };
		5884453D280345C400325D32 /* TableViewCell.xib in Resources */ = {isa = PBXBuildFile; fileRef = 5884453B280345C400325D32 /* TableViewCell.xib */; };
		588445402803D58C00325D32 /* Kingfisher in Frameworks */ = {isa = PBXBuildFile; productRef = 5884453F2803D58C00325D32 /* Kingfisher */; };
		588445422803FAB300325D32 /* MainViewModel.swift in Sources */ = {isa = PBXBuildFile; fileRef = 588445412803FAB300325D32 /* MainViewModel.swift */; };
		588445442803FB3F00325D32 /* ViewModelType.swift in Sources */ = {isa = PBXBuildFile; fileRef = 588445432803FB3F00325D32 /* ViewModelType.swift */; };
		588445462803FBB000325D32 /* TableViewCellViewModel.swift in Sources */ = {isa = PBXBuildFile; fileRef = 588445452803FBB000325D32 /* TableViewCellViewModel.swift */; };
		5884454C2804459300325D32 /* WebViewController.swift in Sources */ = {isa = PBXBuildFile; fileRef = 5884454B2804459300325D32 /* WebViewController.swift */; };
		5884454E2804677100325D32 /* UserConfigs.swift in Sources */ = {isa = PBXBuildFile; fileRef = 5884454D2804677100325D32 /* UserConfigs.swift */; };
		588445532805565500325D32 /* FavoriteViewController.swift in Sources */ = {isa = PBXBuildFile; fileRef = 588445522805565500325D32 /* FavoriteViewController.swift */; };
		588445552805578D00325D32 /* FavoriteViewModel.swift in Sources */ = {isa = PBXBuildFile; fileRef = 588445542805578D00325D32 /* FavoriteViewModel.swift */; };
/* End PBXBuildFile section */

/* Begin PBXContainerItemProxy section */
		585FEFE428029BDF00077BA9 /* PBXContainerItemProxy */ = {
			isa = PBXContainerItemProxy;
			containerPortal = 585FEFC528029BDE00077BA9 /* Project object */;
			proxyType = 1;
			remoteGlobalIDString = 585FEFCC28029BDE00077BA9;
			remoteInfo = JikanDemo;
		};
		585FEFEE28029BDF00077BA9 /* PBXContainerItemProxy */ = {
			isa = PBXContainerItemProxy;
			containerPortal = 585FEFC528029BDE00077BA9 /* Project object */;
			proxyType = 1;
			remoteGlobalIDString = 585FEFCC28029BDE00077BA9;
			remoteInfo = JikanDemo;
		};
/* End PBXContainerItemProxy section */

/* Begin PBXCopyFilesBuildPhase section */
		585FF0312802A1E700077BA9 /* Embed Frameworks */ = {
			isa = PBXCopyFilesBuildPhase;
			buildActionMask = 2147483647;
			dstPath = "";
			dstSubfolderSpec = 10;
			files = (
				585FF0302802A1E700077BA9 /* Hero in Embed Frameworks */,
			);
			name = "Embed Frameworks";
			runOnlyForDeploymentPostprocessing = 0;
		};
/* End PBXCopyFilesBuildPhase section */

/* Begin PBXFileReference section */
		585FEFCD28029BDE00077BA9 /* JikanDemo.app */ = {isa = PBXFileReference; explicitFileType = wrapper.application; includeInIndex = 0; path = JikanDemo.app; sourceTree = BUILT_PRODUCTS_DIR; };
		585FEFD028029BDE00077BA9 /* AppDelegate.swift */ = {isa = PBXFileReference; lastKnownFileType = sourcecode.swift; path = AppDelegate.swift; sourceTree = "<group>"; };
		585FEFD228029BDE00077BA9 /* SceneDelegate.swift */ = {isa = PBXFileReference; lastKnownFileType = sourcecode.swift; path = SceneDelegate.swift; sourceTree = "<group>"; };
		585FEFD428029BDE00077BA9 /* MainController.swift */ = {isa = PBXFileReference; lastKnownFileType = sourcecode.swift; path = MainController.swift; sourceTree = "<group>"; };
		585FEFD728029BDE00077BA9 /* Base */ = {isa = PBXFileReference; lastKnownFileType = file.storyboard; name = Base; path = Base.lproj/Main.storyboard; sourceTree = "<group>"; };
		585FEFD928029BDF00077BA9 /* Assets.xcassets */ = {isa = PBXFileReference; lastKnownFileType = folder.assetcatalog; path = Assets.xcassets; sourceTree = "<group>"; };
		585FEFDC28029BDF00077BA9 /* Base */ = {isa = PBXFileReference; lastKnownFileType = file.storyboard; name = Base; path = Base.lproj/LaunchScreen.storyboard; sourceTree = "<group>"; };
		585FEFDE28029BDF00077BA9 /* Info.plist */ = {isa = PBXFileReference; lastKnownFileType = text.plist.xml; path = Info.plist; sourceTree = "<group>"; };
		585FEFE328029BDF00077BA9 /* JikanDemoTests.xctest */ = {isa = PBXFileReference; explicitFileType = wrapper.cfbundle; includeInIndex = 0; path = JikanDemoTests.xctest; sourceTree = BUILT_PRODUCTS_DIR; };
		585FEFE728029BDF00077BA9 /* JikanDemoTests.swift */ = {isa = PBXFileReference; lastKnownFileType = sourcecode.swift; path = JikanDemoTests.swift; sourceTree = "<group>"; };
		585FEFED28029BDF00077BA9 /* JikanDemoUITests.xctest */ = {isa = PBXFileReference; explicitFileType = wrapper.cfbundle; includeInIndex = 0; path = JikanDemoUITests.xctest; sourceTree = BUILT_PRODUCTS_DIR; };
		585FEFF128029BDF00077BA9 /* JikanDemoUITests.swift */ = {isa = PBXFileReference; lastKnownFileType = sourcecode.swift; path = JikanDemoUITests.swift; sourceTree = "<group>"; };
		585FEFF328029BDF00077BA9 /* JikanDemoUITestsLaunchTests.swift */ = {isa = PBXFileReference; lastKnownFileType = sourcecode.swift; path = JikanDemoUITestsLaunchTests.swift; sourceTree = "<group>"; };
		585FF0322802A26C00077BA9 /* R.generated.swift */ = {isa = PBXFileReference; fileEncoding = 4; lastKnownFileType = sourcecode.swift; path = R.generated.swift; sourceTree = "<group>"; };
		585FF0382802A3C300077BA9 /* Settings.bundle */ = {isa = PBXFileReference; lastKnownFileType = "wrapper.plug-in"; path = Settings.bundle; sourceTree = "<group>"; };
		585FF03A2802A3F500077BA9 /* GoogleService-Info.plist */ = {isa = PBXFileReference; fileEncoding = 4; lastKnownFileType = text.plist.xml; path = "GoogleService-Info.plist"; sourceTree = "<group>"; };
		585FF03D2802A4A300077BA9 /* TopManga.json */ = {isa = PBXFileReference; fileEncoding = 4; lastKnownFileType = text.json; path = TopManga.json; sourceTree = "<group>"; };
		585FF03E2802A4A300077BA9 /* TopAnime.json */ = {isa = PBXFileReference; fileEncoding = 4; lastKnownFileType = text.json; path = TopAnime.json; sourceTree = "<group>"; };
		585FF03F2802A4A300077BA9 /* EmptyArray.json */ = {isa = PBXFileReference; fileEncoding = 4; lastKnownFileType = text.json; path = EmptyArray.json; sourceTree = "<group>"; };
		585FF0402802A4A300077BA9 /* EmptyObject.json */ = {isa = PBXFileReference; fileEncoding = 4; lastKnownFileType = text.json; path = EmptyObject.json; sourceTree = "<group>"; };
		585FF0452802A4AC00077BA9 /* JikanAPI.swift */ = {isa = PBXFileReference; fileEncoding = 4; lastKnownFileType = sourcecode.swift; path = JikanAPI.swift; sourceTree = "<group>"; };
		585FF0472802A75A00077BA9 /* LibsManager.swift */ = {isa = PBXFileReference; lastKnownFileType = sourcecode.swift; path = LibsManager.swift; sourceTree = "<group>"; };
		585FF0492802A7E500077BA9 /* LogManager.swift */ = {isa = PBXFileReference; lastKnownFileType = sourcecode.swift; path = LogManager.swift; sourceTree = "<group>"; };
		585FF04B2802AC7500077BA9 /* AnimeModel.swift */ = {isa = PBXFileReference; fileEncoding = 4; lastKnownFileType = sourcecode.swift; path = AnimeModel.swift; sourceTree = "<group>"; };
		585FF05B2802B82F00077BA9 /* Response+ObjectMapper.swift */ = {isa = PBXFileReference; fileEncoding = 4; lastKnownFileType = sourcecode.swift; path = "Response+ObjectMapper.swift"; sourceTree = "<group>"; };
		585FF05D2802B82F00077BA9 /* ObservableType+ObjectMapper.swift */ = {isa = PBXFileReference; fileEncoding = 4; lastKnownFileType = sourcecode.swift; path = "ObservableType+ObjectMapper.swift"; sourceTree = "<group>"; };
		585FF05E2802B82F00077BA9 /* Single+ObjectMapper.swift */ = {isa = PBXFileReference; fileEncoding = 4; lastKnownFileType = sourcecode.swift; path = "Single+ObjectMapper.swift"; sourceTree = "<group>"; };
		585FF06228033D4400077BA9 /* MangaModel.swift */ = {isa = PBXFileReference; lastKnownFileType = sourcecode.swift; path = MangaModel.swift; sourceTree = "<group>"; };
		5884453A280345C400325D32 /* TableViewCell.swift */ = {isa = PBXFileReference; lastKnownFileType = sourcecode.swift; path = TableViewCell.swift; sourceTree = "<group>"; };
		5884453B280345C400325D32 /* TableViewCell.xib */ = {isa = PBXFileReference; lastKnownFileType = file.xib; path = TableViewCell.xib; sourceTree = "<group>"; };
		588445412803FAB300325D32 /* MainViewModel.swift */ = {isa = PBXFileReference; lastKnownFileType = sourcecode.swift; path = MainViewModel.swift; sourceTree = "<group>"; };
		588445432803FB3F00325D32 /* ViewModelType.swift */ = {isa = PBXFileReference; lastKnownFileType = sourcecode.swift; path = ViewModelType.swift; sourceTree = "<group>"; };
		588445452803FBB000325D32 /* TableViewCellViewModel.swift */ = {isa = PBXFileReference; lastKnownFileType = sourcecode.swift; path = TableViewCellViewModel.swift; sourceTree = "<group>"; };
		5884454B2804459300325D32 /* WebViewController.swift */ = {isa = PBXFileReference; lastKnownFileType = sourcecode.swift; path = WebViewController.swift; sourceTree = "<group>"; };
		5884454D2804677100325D32 /* UserConfigs.swift */ = {isa = PBXFileReference; lastKnownFileType = sourcecode.swift; path = UserConfigs.swift; sourceTree = "<group>"; };
		588445522805565500325D32 /* FavoriteViewController.swift */ = {isa = PBXFileReference; lastKnownFileType = sourcecode.swift; path = FavoriteViewController.swift; sourceTree = "<group>"; };
		588445542805578D00325D32 /* FavoriteViewModel.swift */ = {isa = PBXFileReference; lastKnownFileType = sourcecode.swift; path = FavoriteViewModel.swift; sourceTree = "<group>"; };
/* End PBXFileReference section */

/* Begin PBXFrameworksBuildPhase section */
		585FEFCA28029BDE00077BA9 /* Frameworks */ = {
			isa = PBXFrameworksBuildPhase;
			buildActionMask = 2147483647;
			files = (
				585FF0152802A02D00077BA9 /* RxMoya in Frameworks */,
				585FF02C2802A19100077BA9 /* RxDataSources in Frameworks */,
				585FF0212802A08B00077BA9 /* RxGesture in Frameworks */,
				585FF00F28029F9200077BA9 /* Rswift in Frameworks */,
				585FF01E2802A06C00077BA9 /* Hero in Frameworks */,
				585FF00C28029F6400077BA9 /* RxSwift in Frameworks */,
				585FF0582802B79600077BA9 /* ObjectMapper in Frameworks */,
				585FF0242802A0AE00077BA9 /* IQKeyboardManagerSwift in Frameworks */,
				585FF0272802A14F00077BA9 /* FirebaseAnalytics in Frameworks */,
				588445402803D58C00325D32 /* Kingfisher in Frameworks */,
				585FF0182802A04600077BA9 /* SnapKit in Frameworks */,
				585FF01228029FEF00077BA9 /* CocoaLumberjackSwift in Frameworks */,
				585FF0292802A14F00077BA9 /* FirebaseCrashlytics in Frameworks */,
				585FF01B2802A05900077BA9 /* NSObject-Rx in Frameworks */,
				585FF00A28029F6400077BA9 /* RxCocoa in Frameworks */,
			);
			runOnlyForDeploymentPostprocessing = 0;
		};
		585FEFE028029BDF00077BA9 /* Frameworks */ = {
			isa = PBXFrameworksBuildPhase;
			buildActionMask = 2147483647;
			files = (
			);
			runOnlyForDeploymentPostprocessing = 0;
		};
		585FEFEA28029BDF00077BA9 /* Frameworks */ = {
			isa = PBXFrameworksBuildPhase;
			buildActionMask = 2147483647;
			files = (
			);
			runOnlyForDeploymentPostprocessing = 0;
		};
/* End PBXFrameworksBuildPhase section */

/* Begin PBXGroup section */
		585FEFC428029BDE00077BA9 = {
			isa = PBXGroup;
			children = (
				585FF0322802A26C00077BA9 /* R.generated.swift */,
				585FEFCF28029BDE00077BA9 /* JikanDemo */,
				585FEFE628029BDF00077BA9 /* JikanDemoTests */,
				585FEFF028029BDF00077BA9 /* JikanDemoUITests */,
				585FEFCE28029BDE00077BA9 /* Products */,
			);
			sourceTree = "<group>";
		};
		585FEFCE28029BDE00077BA9 /* Products */ = {
			isa = PBXGroup;
			children = (
				585FEFCD28029BDE00077BA9 /* JikanDemo.app */,
				585FEFE328029BDF00077BA9 /* JikanDemoTests.xctest */,
				585FEFED28029BDF00077BA9 /* JikanDemoUITests.xctest */,
			);
			name = Products;
			sourceTree = "<group>";
		};
		585FEFCF28029BDE00077BA9 /* JikanDemo */ = {
			isa = PBXGroup;
			children = (
				585FEFD028029BDE00077BA9 /* AppDelegate.swift */,
				585FEFD228029BDE00077BA9 /* SceneDelegate.swift */,
				585FF00728029CB200077BA9 /* Modules */,
				5884454B2804459300325D32 /* WebViewController.swift */,
				585FF00028029C1900077BA9 /* Common */,
				585FF00128029C2C00077BA9 /* Network */,
				585FF00328029C3D00077BA9 /* Manager */,
				585FF00228029C3600077BA9 /* Models */,
				585FF00428029C4500077BA9 /* Third Party */,
				585FF00528029C5900077BA9 /* Resources */,
				585FF00628029C6600077BA9 /* Supporting Files */,
				585FEFDB28029BDF00077BA9 /* LaunchScreen.storyboard */,
			);
			path = JikanDemo;
			sourceTree = "<group>";
		};
		585FEFE628029BDF00077BA9 /* JikanDemoTests */ = {
			isa = PBXGroup;
			children = (
				585FEFE728029BDF00077BA9 /* JikanDemoTests.swift */,
			);
			path = JikanDemoTests;
			sourceTree = "<group>";
		};
		585FEFF028029BDF00077BA9 /* JikanDemoUITests */ = {
			isa = PBXGroup;
			children = (
				585FEFF128029BDF00077BA9 /* JikanDemoUITests.swift */,
				585FEFF328029BDF00077BA9 /* JikanDemoUITestsLaunchTests.swift */,
			);
			path = JikanDemoUITests;
			sourceTree = "<group>";
		};
		585FF00028029C1900077BA9 /* Common */ = {
			isa = PBXGroup;
			children = (
				588445432803FB3F00325D32 /* ViewModelType.swift */,
			);
			path = Common;
			sourceTree = "<group>";
		};
		585FF00128029C2C00077BA9 /* Network */ = {
			isa = PBXGroup;
			children = (
				585FF0452802A4AC00077BA9 /* JikanAPI.swift */,
				585FF03C2802A4A300077BA9 /* Stubbed */,
			);
			path = Network;
			sourceTree = "<group>";
		};
		585FF00228029C3600077BA9 /* Models */ = {
			isa = PBXGroup;
			children = (
				585FF04B2802AC7500077BA9 /* AnimeModel.swift */,
				585FF06228033D4400077BA9 /* MangaModel.swift */,
			);
			path = Models;
			sourceTree = "<group>";
		};
		585FF00328029C3D00077BA9 /* Manager */ = {
			isa = PBXGroup;
			children = (
				585FF0472802A75A00077BA9 /* LibsManager.swift */,
				585FF0492802A7E500077BA9 /* LogManager.swift */,
				5884454D2804677100325D32 /* UserConfigs.swift */,
			);
			path = Manager;
			sourceTree = "<group>";
		};
		585FF00428029C4500077BA9 /* Third Party */ = {
			isa = PBXGroup;
			children = (
				585FF0592802B82F00077BA9 /* Moya-ObjectMapper */,
			);
			path = "Third Party";
			sourceTree = "<group>";
		};
		585FF00528029C5900077BA9 /* Resources */ = {
			isa = PBXGroup;
			children = (
				585FEFD928029BDF00077BA9 /* Assets.xcassets */,
				585FF0382802A3C300077BA9 /* Settings.bundle */,
			);
			path = Resources;
			sourceTree = "<group>";
		};
		585FF00628029C6600077BA9 /* Supporting Files */ = {
			isa = PBXGroup;
			children = (
				585FF03A2802A3F500077BA9 /* GoogleService-Info.plist */,
				585FEFDE28029BDF00077BA9 /* Info.plist */,
			);
			path = "Supporting Files";
			sourceTree = "<group>";
		};
		585FF00728029CB200077BA9 /* Modules */ = {
			isa = PBXGroup;
			children = (
				5884455628056D6300325D32 /* MainView */,
				5884455728056D8000325D32 /* TableViewCell */,
				5884455828056D9800325D32 /* Favorite */,
			);
			path = Modules;
			sourceTree = "<group>";
		};
		585FF03C2802A4A300077BA9 /* Stubbed */ = {
			isa = PBXGroup;
			children = (
				585FF03D2802A4A300077BA9 /* TopManga.json */,
				585FF03E2802A4A300077BA9 /* TopAnime.json */,
				585FF03F2802A4A300077BA9 /* EmptyArray.json */,
				585FF0402802A4A300077BA9 /* EmptyObject.json */,
			);
			path = Stubbed;
			sourceTree = "<group>";
		};
		585FF0592802B82F00077BA9 /* Moya-ObjectMapper */ = {
			isa = PBXGroup;
			children = (
				585FF05A2802B82F00077BA9 /* Core */,
				585FF05C2802B82F00077BA9 /* RxSwift */,
			);
			path = "Moya-ObjectMapper";
			sourceTree = "<group>";
		};
		585FF05A2802B82F00077BA9 /* Core */ = {
			isa = PBXGroup;
			children = (
				585FF05B2802B82F00077BA9 /* Response+ObjectMapper.swift */,
			);
			path = Core;
			sourceTree = "<group>";
		};
		585FF05C2802B82F00077BA9 /* RxSwift */ = {
			isa = PBXGroup;
			children = (
				585FF05D2802B82F00077BA9 /* ObservableType+ObjectMapper.swift */,
				585FF05E2802B82F00077BA9 /* Single+ObjectMapper.swift */,
			);
			path = RxSwift;
			sourceTree = "<group>";
		};
		5884455628056D6300325D32 /* MainView */ = {
			isa = PBXGroup;
			children = (
				588445412803FAB300325D32 /* MainViewModel.swift */,
				585FEFD428029BDE00077BA9 /* MainController.swift */,
				585FEFD628029BDE00077BA9 /* Main.storyboard */,
			);
			path = MainView;
			sourceTree = "<group>";
		};
		5884455728056D8000325D32 /* TableViewCell */ = {
			isa = PBXGroup;
			children = (
				588445452803FBB000325D32 /* TableViewCellViewModel.swift */,
				5884453A280345C400325D32 /* TableViewCell.swift */,
				5884453B280345C400325D32 /* TableViewCell.xib */,
			);
			path = TableViewCell;
			sourceTree = "<group>";
		};
		5884455828056D9800325D32 /* Favorite */ = {
			isa = PBXGroup;
			children = (
				588445542805578D00325D32 /* FavoriteViewModel.swift */,
				588445522805565500325D32 /* FavoriteViewController.swift */,
			);
			path = Favorite;
			sourceTree = "<group>";
		};
/* End PBXGroup section */

/* Begin PBXNativeTarget section */
		585FEFCC28029BDE00077BA9 /* JikanDemo */ = {
			isa = PBXNativeTarget;
			buildConfigurationList = 585FEFF728029BDF00077BA9 /* Build configuration list for PBXNativeTarget "JikanDemo" */;
			buildPhases = (
				585FF0342802A29700077BA9 /* Swiftlint */,
				585FF0352802A2BB00077BA9 /* R.swift */,
				585FEFC928029BDE00077BA9 /* Sources */,
				585FEFCA28029BDE00077BA9 /* Frameworks */,
				585FEFCB28029BDE00077BA9 /* Resources */,
				585FF0312802A1E700077BA9 /* Embed Frameworks */,
				585FF0362802A35200077BA9 /* FirebaseCrashlytics */,
				585FF0372802A38900077BA9 /* LicensePlist */,
			);
			buildRules = (
			);
			dependencies = (
			);
			name = JikanDemo;
			packageProductDependencies = (
				585FF00928029F6400077BA9 /* RxCocoa */,
				585FF00B28029F6400077BA9 /* RxSwift */,
				585FF00E28029F9200077BA9 /* Rswift */,
				585FF01128029FEF00077BA9 /* CocoaLumberjackSwift */,
				585FF0142802A02D00077BA9 /* RxMoya */,
				585FF0172802A04600077BA9 /* SnapKit */,
				585FF01A2802A05900077BA9 /* NSObject-Rx */,
				585FF01D2802A06C00077BA9 /* Hero */,
				585FF0202802A08B00077BA9 /* RxGesture */,
				585FF0232802A0AE00077BA9 /* IQKeyboardManagerSwift */,
				585FF0262802A14F00077BA9 /* FirebaseAnalytics */,
				585FF0282802A14F00077BA9 /* FirebaseCrashlytics */,
				585FF02B2802A19100077BA9 /* RxDataSources */,
				585FF0572802B79600077BA9 /* ObjectMapper */,
				5884453F2803D58C00325D32 /* Kingfisher */,
			);
			productName = JikanDemo;
			productReference = 585FEFCD28029BDE00077BA9 /* JikanDemo.app */;
			productType = "com.apple.product-type.application";
		};
		585FEFE228029BDF00077BA9 /* JikanDemoTests */ = {
			isa = PBXNativeTarget;
			buildConfigurationList = 585FEFFA28029BDF00077BA9 /* Build configuration list for PBXNativeTarget "JikanDemoTests" */;
			buildPhases = (
				585FEFDF28029BDF00077BA9 /* Sources */,
				585FEFE028029BDF00077BA9 /* Frameworks */,
				585FEFE128029BDF00077BA9 /* Resources */,
			);
			buildRules = (
			);
			dependencies = (
				585FEFE528029BDF00077BA9 /* PBXTargetDependency */,
			);
			name = JikanDemoTests;
			productName = JikanDemoTests;
			productReference = 585FEFE328029BDF00077BA9 /* JikanDemoTests.xctest */;
			productType = "com.apple.product-type.bundle.unit-test";
		};
		585FEFEC28029BDF00077BA9 /* JikanDemoUITests */ = {
			isa = PBXNativeTarget;
			buildConfigurationList = 585FEFFD28029BDF00077BA9 /* Build configuration list for PBXNativeTarget "JikanDemoUITests" */;
			buildPhases = (
				585FEFE928029BDF00077BA9 /* Sources */,
				585FEFEA28029BDF00077BA9 /* Frameworks */,
				585FEFEB28029BDF00077BA9 /* Resources */,
			);
			buildRules = (
			);
			dependencies = (
				585FEFEF28029BDF00077BA9 /* PBXTargetDependency */,
			);
			name = JikanDemoUITests;
			productName = JikanDemoUITests;
			productReference = 585FEFED28029BDF00077BA9 /* JikanDemoUITests.xctest */;
			productType = "com.apple.product-type.bundle.ui-testing";
		};
/* End PBXNativeTarget section */

/* Begin PBXProject section */
		585FEFC528029BDE00077BA9 /* Project object */ = {
			isa = PBXProject;
			attributes = {
				BuildIndependentTargetsInParallel = 1;
				LastSwiftUpdateCheck = 1320;
				LastUpgradeCheck = 1320;
				TargetAttributes = {
					585FEFCC28029BDE00077BA9 = {
						CreatedOnToolsVersion = 13.2;
					};
					585FEFE228029BDF00077BA9 = {
						CreatedOnToolsVersion = 13.2;
						TestTargetID = 585FEFCC28029BDE00077BA9;
					};
					585FEFEC28029BDF00077BA9 = {
						CreatedOnToolsVersion = 13.2;
						TestTargetID = 585FEFCC28029BDE00077BA9;
					};
				};
			};
			buildConfigurationList = 585FEFC828029BDE00077BA9 /* Build configuration list for PBXProject "JikanDemo" */;
			compatibilityVersion = "Xcode 13.0";
			developmentRegion = en;
			hasScannedForEncodings = 0;
			knownRegions = (
				en,
				Base,
			);
			mainGroup = 585FEFC428029BDE00077BA9;
			packageReferences = (
				585FF00828029F6400077BA9 /* XCRemoteSwiftPackageReference "RxSwift" */,
				585FF00D28029F9200077BA9 /* XCRemoteSwiftPackageReference "R.swift" */,
				585FF01028029FEF00077BA9 /* XCRemoteSwiftPackageReference "CocoaLumberjack" */,
				585FF0132802A02D00077BA9 /* XCRemoteSwiftPackageReference "Moya" */,
				585FF0162802A04600077BA9 /* XCRemoteSwiftPackageReference "SnapKit" */,
				585FF0192802A05800077BA9 /* XCRemoteSwiftPackageReference "NSObject-Rx" */,
				585FF01C2802A06C00077BA9 /* XCRemoteSwiftPackageReference "Hero" */,
				585FF01F2802A08B00077BA9 /* XCRemoteSwiftPackageReference "RxGesture" */,
				585FF0222802A0AE00077BA9 /* XCRemoteSwiftPackageReference "IQKeyboardManager" */,
				585FF0252802A14F00077BA9 /* XCRemoteSwiftPackageReference "firebase-ios-sdk" */,
				585FF02A2802A19100077BA9 /* XCRemoteSwiftPackageReference "RxDataSources" */,
				585FF0562802B79600077BA9 /* XCRemoteSwiftPackageReference "ObjectMapper" */,
				5884453E2803D58B00325D32 /* XCRemoteSwiftPackageReference "Kingfisher" */,
			);
			productRefGroup = 585FEFCE28029BDE00077BA9 /* Products */;
			projectDirPath = "";
			projectRoot = "";
			targets = (
				585FEFCC28029BDE00077BA9 /* JikanDemo */,
				585FEFE228029BDF00077BA9 /* JikanDemoTests */,
				585FEFEC28029BDF00077BA9 /* JikanDemoUITests */,
			);
		};
/* End PBXProject section */

/* Begin PBXResourcesBuildPhase section */
		585FEFCB28029BDE00077BA9 /* Resources */ = {
			isa = PBXResourcesBuildPhase;
			buildActionMask = 2147483647;
			files = (
				585FF0412802A4A300077BA9 /* TopManga.json in Resources */,
				5884453D280345C400325D32 /* TableViewCell.xib in Resources */,
				585FF0392802A3C300077BA9 /* Settings.bundle in Resources */,
				585FEFDD28029BDF00077BA9 /* LaunchScreen.storyboard in Resources */,
				585FF03B2802A3F500077BA9 /* GoogleService-Info.plist in Resources */,
				585FEFDA28029BDF00077BA9 /* Assets.xcassets in Resources */,
				585FF0432802A4A300077BA9 /* EmptyArray.json in Resources */,
				585FF0442802A4A300077BA9 /* EmptyObject.json in Resources */,
				585FEFD828029BDE00077BA9 /* Main.storyboard in Resources */,
				585FF0422802A4A300077BA9 /* TopAnime.json in Resources */,
			);
			runOnlyForDeploymentPostprocessing = 0;
		};
		585FEFE128029BDF00077BA9 /* Resources */ = {
			isa = PBXResourcesBuildPhase;
			buildActionMask = 2147483647;
			files = (
			);
			runOnlyForDeploymentPostprocessing = 0;
		};
		585FEFEB28029BDF00077BA9 /* Resources */ = {
			isa = PBXResourcesBuildPhase;
			buildActionMask = 2147483647;
			files = (
			);
			runOnlyForDeploymentPostprocessing = 0;
		};
/* End PBXResourcesBuildPhase section */

/* Begin PBXShellScriptBuildPhase section */
		585FF0342802A29700077BA9 /* Swiftlint */ = {
			isa = PBXShellScriptBuildPhase;
			buildActionMask = 2147483647;
			files = (
			);
			inputFileListPaths = (
			);
			inputPaths = (
			);
			name = Swiftlint;
			outputFileListPaths = (
			);
			outputPaths = (
			);
			runOnlyForDeploymentPostprocessing = 0;
			shellPath = /bin/sh;
			shellScript = "#/bin/sh\n\nif test -d \"/opt/homebrew/bin/\"; then\n    PATH=\"/opt/homebrew/bin/:${PATH}\"\nfi\n\nif test -d \"$HOME/.mint/bin\"; then\n    PATH=\"$HOME/.mint/bin:${PATH}\"\nfi\n\nexport PATH\n\nif which mint >/dev/null; then\n    mint run swiftlint\nelse\n    echo \"warning: SwiftLint not installed, run bootstrap.sh or download from https://github.com/realm/SwiftLint\"\nfi\n";
		};
		585FF0352802A2BB00077BA9 /* R.swift */ = {
			isa = PBXShellScriptBuildPhase;
			alwaysOutOfDate = 1;
			buildActionMask = 2147483647;
			files = (
			);
			inputFileListPaths = (
			);
			inputPaths = (
			);
			name = R.swift;
			outputFileListPaths = (
			);
			outputPaths = (
				$SRCROOT/R.generated.swift,
			);
			runOnlyForDeploymentPostprocessing = 0;
			shellPath = /bin/sh;
			shellScript = "#/bin/sh\n\nif test -d \"/opt/homebrew/bin/\"; then\n    PATH=\"/opt/homebrew/bin/:${PATH}\"\nfi\n\nif test -d \"$HOME/.mint/bin\"; then\n    PATH=\"$HOME/.mint/bin:${PATH}\"\nfi\n\nexport PATH\n\nif mint list | grep -q 'R.swift'; then\n    mint run R.swift rswift generate \"$SRCROOT/R.generated.swift\"\nelse\n    echo \"error: R.swift not installed; run 'mint bootstrap' to install\"\n    return -1\nfi\n";
		};
		585FF0362802A35200077BA9 /* FirebaseCrashlytics */ = {
			isa = PBXShellScriptBuildPhase;
			buildActionMask = 2147483647;
			files = (
			);
			inputFileListPaths = (
			);
			inputPaths = (
				"${DWARF_DSYM_FOLDER_PATH}/${DWARF_DSYM_FILE_NAME}/Contents/Resources/DWARF/${TARGET_NAME}",
				"$(BUILT_PRODUCTS_DIR)/$(INFOPLIST_PATH)",
			);
			name = FirebaseCrashlytics;
			outputFileListPaths = (
			);
			outputPaths = (
			);
			runOnlyForDeploymentPostprocessing = 0;
			shellPath = /bin/sh;
			shellScript = "#/bin/sh\n\n${BUILD_DIR%/Build/*}/SourcePackages/checkouts/firebase-ios-sdk/Crashlytics/run\n";
		};
		585FF0372802A38900077BA9 /* LicensePlist */ = {
			isa = PBXShellScriptBuildPhase;
			buildActionMask = 2147483647;
			files = (
			);
			inputFileListPaths = (
			);
			inputPaths = (
			);
			name = LicensePlist;
			outputFileListPaths = (
			);
			outputPaths = (
			);
			runOnlyForDeploymentPostprocessing = 0;
			shellPath = /bin/sh;
			shellScript = "#/bin/sh\n\nif test -d \"/opt/homebrew/bin/\"; then\n    PATH=\"/opt/homebrew/bin/:${PATH}\"\nfi\n\nif test -d \"$HOME/.mint/bin\"; then\n    PATH=\"$HOME/.mint/bin:${PATH}\"\nfi\n\nexport PATH\n\nif which mint >/dev/null; then\n    mint run mono0926/LicensePlist --output-path \"${TARGET_BUILD_DIR}/${CONTENTS_FOLDER_PATH}/Settings.bundle\"\nelse\n    echo \"warning: LicensePlist not installed, run bootstrap.sh\"\nfi\n";
		};
/* End PBXShellScriptBuildPhase section */

/* Begin PBXSourcesBuildPhase section */
		585FEFC928029BDE00077BA9 /* Sources */ = {
			isa = PBXSourcesBuildPhase;
			buildActionMask = 2147483647;
			files = (
				5884453C280345C400325D32 /* TableViewCell.swift in Sources */,
				5884454C2804459300325D32 /* WebViewController.swift in Sources */,
				585FEFD528029BDE00077BA9 /* MainController.swift in Sources */,
				585FEFD128029BDE00077BA9 /* AppDelegate.swift in Sources */,
				585FF0602802B82F00077BA9 /* ObservableType+ObjectMapper.swift in Sources */,
				585FF05F2802B82F00077BA9 /* Response+ObjectMapper.swift in Sources */,
				585FEFD328029BDE00077BA9 /* SceneDelegate.swift in Sources */,
				588445462803FBB000325D32 /* TableViewCellViewModel.swift in Sources */,
				5884454E2804677100325D32 /* UserConfigs.swift in Sources */,
				585FF04A2802A7E500077BA9 /* LogManager.swift in Sources */,
				588445422803FAB300325D32 /* MainViewModel.swift in Sources */,
				588445442803FB3F00325D32 /* ViewModelType.swift in Sources */,
				585FF0482802A75A00077BA9 /* LibsManager.swift in Sources */,
				585FF0332802A26C00077BA9 /* R.generated.swift in Sources */,
				588445532805565500325D32 /* FavoriteViewController.swift in Sources */,
				585FF06328033D4400077BA9 /* MangaModel.swift in Sources */,
				585FF0612802B82F00077BA9 /* Single+ObjectMapper.swift in Sources */,
				585FF04C2802AC7500077BA9 /* AnimeModel.swift in Sources */,
				588445552805578D00325D32 /* FavoriteViewModel.swift in Sources */,
				585FF0462802A4AC00077BA9 /* JikanAPI.swift in Sources */,
			);
			runOnlyForDeploymentPostprocessing = 0;
		};
		585FEFDF28029BDF00077BA9 /* Sources */ = {
			isa = PBXSourcesBuildPhase;
			buildActionMask = 2147483647;
			files = (
				585FEFE828029BDF00077BA9 /* JikanDemoTests.swift in Sources */,
			);
			runOnlyForDeploymentPostprocessing = 0;
		};
		585FEFE928029BDF00077BA9 /* Sources */ = {
			isa = PBXSourcesBuildPhase;
			buildActionMask = 2147483647;
			files = (
				585FEFF228029BDF00077BA9 /* JikanDemoUITests.swift in Sources */,
				585FEFF428029BDF00077BA9 /* JikanDemoUITestsLaunchTests.swift in Sources */,
			);
			runOnlyForDeploymentPostprocessing = 0;
		};
/* End PBXSourcesBuildPhase section */

/* Begin PBXTargetDependency section */
		585FEFE528029BDF00077BA9 /* PBXTargetDependency */ = {
			isa = PBXTargetDependency;
			target = 585FEFCC28029BDE00077BA9 /* JikanDemo */;
			targetProxy = 585FEFE428029BDF00077BA9 /* PBXContainerItemProxy */;
		};
		585FEFEF28029BDF00077BA9 /* PBXTargetDependency */ = {
			isa = PBXTargetDependency;
			target = 585FEFCC28029BDE00077BA9 /* JikanDemo */;
			targetProxy = 585FEFEE28029BDF00077BA9 /* PBXContainerItemProxy */;
		};
/* End PBXTargetDependency section */

/* Begin PBXVariantGroup section */
		585FEFD628029BDE00077BA9 /* Main.storyboard */ = {
			isa = PBXVariantGroup;
			children = (
				585FEFD728029BDE00077BA9 /* Base */,
			);
			name = Main.storyboard;
			sourceTree = "<group>";
		};
		585FEFDB28029BDF00077BA9 /* LaunchScreen.storyboard */ = {
			isa = PBXVariantGroup;
			children = (
				585FEFDC28029BDF00077BA9 /* Base */,
			);
			name = LaunchScreen.storyboard;
			sourceTree = "<group>";
		};
/* End PBXVariantGroup section */

/* Begin XCBuildConfiguration section */
		585FEFF528029BDF00077BA9 /* Debug */ = {
			isa = XCBuildConfiguration;
			buildSettings = {
				ALWAYS_SEARCH_USER_PATHS = NO;
				CLANG_ANALYZER_NONNULL = YES;
				CLANG_ANALYZER_NUMBER_OBJECT_CONVERSION = YES_AGGRESSIVE;
				CLANG_CXX_LANGUAGE_STANDARD = "gnu++17";
				CLANG_CXX_LIBRARY = "libc++";
				CLANG_ENABLE_MODULES = YES;
				CLANG_ENABLE_OBJC_ARC = YES;
				CLANG_ENABLE_OBJC_WEAK = YES;
				CLANG_WARN_BLOCK_CAPTURE_AUTORELEASING = YES;
				CLANG_WARN_BOOL_CONVERSION = YES;
				CLANG_WARN_COMMA = YES;
				CLANG_WARN_CONSTANT_CONVERSION = YES;
				CLANG_WARN_DEPRECATED_OBJC_IMPLEMENTATIONS = YES;
				CLANG_WARN_DIRECT_OBJC_ISA_USAGE = YES_ERROR;
				CLANG_WARN_DOCUMENTATION_COMMENTS = YES;
				CLANG_WARN_EMPTY_BODY = YES;
				CLANG_WARN_ENUM_CONVERSION = YES;
				CLANG_WARN_INFINITE_RECURSION = YES;
				CLANG_WARN_INT_CONVERSION = YES;
				CLANG_WARN_NON_LITERAL_NULL_CONVERSION = YES;
				CLANG_WARN_OBJC_IMPLICIT_RETAIN_SELF = YES;
				CLANG_WARN_OBJC_LITERAL_CONVERSION = YES;
				CLANG_WARN_OBJC_ROOT_CLASS = YES_ERROR;
				CLANG_WARN_QUOTED_INCLUDE_IN_FRAMEWORK_HEADER = YES;
				CLANG_WARN_RANGE_LOOP_ANALYSIS = YES;
				CLANG_WARN_STRICT_PROTOTYPES = YES;
				CLANG_WARN_SUSPICIOUS_MOVE = YES;
				CLANG_WARN_UNGUARDED_AVAILABILITY = YES_AGGRESSIVE;
				CLANG_WARN_UNREACHABLE_CODE = YES;
				CLANG_WARN__DUPLICATE_METHOD_MATCH = YES;
				COPY_PHASE_STRIP = NO;
				DEBUG_INFORMATION_FORMAT = dwarf;
				ENABLE_STRICT_OBJC_MSGSEND = YES;
				ENABLE_TESTABILITY = YES;
				GCC_C_LANGUAGE_STANDARD = gnu11;
				GCC_DYNAMIC_NO_PIC = NO;
				GCC_NO_COMMON_BLOCKS = YES;
				GCC_OPTIMIZATION_LEVEL = 0;
				GCC_PREPROCESSOR_DEFINITIONS = (
					"DEBUG=1",
					"$(inherited)",
				);
				GCC_WARN_64_TO_32_BIT_CONVERSION = YES;
				GCC_WARN_ABOUT_RETURN_TYPE = YES_ERROR;
				GCC_WARN_UNDECLARED_SELECTOR = YES;
				GCC_WARN_UNINITIALIZED_AUTOS = YES_AGGRESSIVE;
				GCC_WARN_UNUSED_FUNCTION = YES;
				GCC_WARN_UNUSED_VARIABLE = YES;
				IPHONEOS_DEPLOYMENT_TARGET = 15.2;
				MTL_ENABLE_DEBUG_INFO = INCLUDE_SOURCE;
				MTL_FAST_MATH = YES;
				ONLY_ACTIVE_ARCH = YES;
				SDKROOT = iphoneos;
				SWIFT_ACTIVE_COMPILATION_CONDITIONS = DEBUG;
				SWIFT_OPTIMIZATION_LEVEL = "-Onone";
			};
			name = Debug;
		};
		585FEFF628029BDF00077BA9 /* Release */ = {
			isa = XCBuildConfiguration;
			buildSettings = {
				ALWAYS_SEARCH_USER_PATHS = NO;
				CLANG_ANALYZER_NONNULL = YES;
				CLANG_ANALYZER_NUMBER_OBJECT_CONVERSION = YES_AGGRESSIVE;
				CLANG_CXX_LANGUAGE_STANDARD = "gnu++17";
				CLANG_CXX_LIBRARY = "libc++";
				CLANG_ENABLE_MODULES = YES;
				CLANG_ENABLE_OBJC_ARC = YES;
				CLANG_ENABLE_OBJC_WEAK = YES;
				CLANG_WARN_BLOCK_CAPTURE_AUTORELEASING = YES;
				CLANG_WARN_BOOL_CONVERSION = YES;
				CLANG_WARN_COMMA = YES;
				CLANG_WARN_CONSTANT_CONVERSION = YES;
				CLANG_WARN_DEPRECATED_OBJC_IMPLEMENTATIONS = YES;
				CLANG_WARN_DIRECT_OBJC_ISA_USAGE = YES_ERROR;
				CLANG_WARN_DOCUMENTATION_COMMENTS = YES;
				CLANG_WARN_EMPTY_BODY = YES;
				CLANG_WARN_ENUM_CONVERSION = YES;
				CLANG_WARN_INFINITE_RECURSION = YES;
				CLANG_WARN_INT_CONVERSION = YES;
				CLANG_WARN_NON_LITERAL_NULL_CONVERSION = YES;
				CLANG_WARN_OBJC_IMPLICIT_RETAIN_SELF = YES;
				CLANG_WARN_OBJC_LITERAL_CONVERSION = YES;
				CLANG_WARN_OBJC_ROOT_CLASS = YES_ERROR;
				CLANG_WARN_QUOTED_INCLUDE_IN_FRAMEWORK_HEADER = YES;
				CLANG_WARN_RANGE_LOOP_ANALYSIS = YES;
				CLANG_WARN_STRICT_PROTOTYPES = YES;
				CLANG_WARN_SUSPICIOUS_MOVE = YES;
				CLANG_WARN_UNGUARDED_AVAILABILITY = YES_AGGRESSIVE;
				CLANG_WARN_UNREACHABLE_CODE = YES;
				CLANG_WARN__DUPLICATE_METHOD_MATCH = YES;
				COPY_PHASE_STRIP = NO;
				DEBUG_INFORMATION_FORMAT = "dwarf-with-dsym";
				ENABLE_NS_ASSERTIONS = NO;
				ENABLE_STRICT_OBJC_MSGSEND = YES;
				GCC_C_LANGUAGE_STANDARD = gnu11;
				GCC_NO_COMMON_BLOCKS = YES;
				GCC_WARN_64_TO_32_BIT_CONVERSION = YES;
				GCC_WARN_ABOUT_RETURN_TYPE = YES_ERROR;
				GCC_WARN_UNDECLARED_SELECTOR = YES;
				GCC_WARN_UNINITIALIZED_AUTOS = YES_AGGRESSIVE;
				GCC_WARN_UNUSED_FUNCTION = YES;
				GCC_WARN_UNUSED_VARIABLE = YES;
				IPHONEOS_DEPLOYMENT_TARGET = 15.2;
				MTL_ENABLE_DEBUG_INFO = NO;
				MTL_FAST_MATH = YES;
				SDKROOT = iphoneos;
				SWIFT_COMPILATION_MODE = wholemodule;
				SWIFT_OPTIMIZATION_LEVEL = "-O";
				VALIDATE_PRODUCT = YES;
			};
			name = Release;
		};
		585FEFF828029BDF00077BA9 /* Debug */ = {
			isa = XCBuildConfiguration;
			buildSettings = {
				ASSETCATALOG_COMPILER_APPICON_NAME = AppIcon;
				ASSETCATALOG_COMPILER_GLOBAL_ACCENT_COLOR_NAME = AccentColor;
				CODE_SIGN_STYLE = Automatic;
				CURRENT_PROJECT_VERSION = 1;
				DEVELOPMENT_TEAM = 3JV32ZE9SY;
				GENERATE_INFOPLIST_FILE = YES;
				INFOPLIST_FILE = "JikanDemo/Supporting Files/Info.plist";
				INFOPLIST_KEY_UIApplicationSupportsIndirectInputEvents = YES;
				INFOPLIST_KEY_UILaunchStoryboardName = LaunchScreen;
				INFOPLIST_KEY_UIMainStoryboardFile = Main;
				INFOPLIST_KEY_UISupportedInterfaceOrientations_iPad = "UIInterfaceOrientationPortrait UIInterfaceOrientationPortraitUpsideDown UIInterfaceOrientationLandscapeLeft UIInterfaceOrientationLandscapeRight";
				INFOPLIST_KEY_UISupportedInterfaceOrientations_iPhone = "UIInterfaceOrientationPortrait UIInterfaceOrientationLandscapeLeft UIInterfaceOrientationLandscapeRight";
				LD_RUNPATH_SEARCH_PATHS = (
					"$(inherited)",
					"@executable_path/Frameworks",
				);
				MARKETING_VERSION = 1.0;
				PRODUCT_BUNDLE_IDENTIFIER = com.iceboxi.JikanDemo;
				PRODUCT_NAME = "$(TARGET_NAME)";
				SWIFT_EMIT_LOC_STRINGS = YES;
				SWIFT_VERSION = 5.0;
				TARGETED_DEVICE_FAMILY = "1,2";
			};
			name = Debug;
		};
		585FEFF928029BDF00077BA9 /* Release */ = {
			isa = XCBuildConfiguration;
			buildSettings = {
				ASSETCATALOG_COMPILER_APPICON_NAME = AppIcon;
				ASSETCATALOG_COMPILER_GLOBAL_ACCENT_COLOR_NAME = AccentColor;
				CODE_SIGN_STYLE = Automatic;
				CURRENT_PROJECT_VERSION = 1;
				DEVELOPMENT_TEAM = 3JV32ZE9SY;
				GENERATE_INFOPLIST_FILE = YES;
				INFOPLIST_FILE = "JikanDemo/Supporting Files/Info.plist";
				INFOPLIST_KEY_UIApplicationSupportsIndirectInputEvents = YES;
				INFOPLIST_KEY_UILaunchStoryboardName = LaunchScreen;
				INFOPLIST_KEY_UIMainStoryboardFile = Main;
				INFOPLIST_KEY_UISupportedInterfaceOrientations_iPad = "UIInterfaceOrientationPortrait UIInterfaceOrientationPortraitUpsideDown UIInterfaceOrientationLandscapeLeft UIInterfaceOrientationLandscapeRight";
				INFOPLIST_KEY_UISupportedInterfaceOrientations_iPhone = "UIInterfaceOrientationPortrait UIInterfaceOrientationLandscapeLeft UIInterfaceOrientationLandscapeRight";
				LD_RUNPATH_SEARCH_PATHS = (
					"$(inherited)",
					"@executable_path/Frameworks",
				);
				MARKETING_VERSION = 1.0;
				PRODUCT_BUNDLE_IDENTIFIER = com.iceboxi.JikanDemo;
				PRODUCT_NAME = "$(TARGET_NAME)";
				SWIFT_EMIT_LOC_STRINGS = YES;
				SWIFT_VERSION = 5.0;
				TARGETED_DEVICE_FAMILY = "1,2";
			};
			name = Release;
		};
		585FEFFB28029BDF00077BA9 /* Debug */ = {
			isa = XCBuildConfiguration;
			buildSettings = {
				ALWAYS_EMBED_SWIFT_STANDARD_LIBRARIES = YES;
				BUNDLE_LOADER = "$(TEST_HOST)";
				CODE_SIGN_STYLE = Automatic;
				CURRENT_PROJECT_VERSION = 1;
				DEVELOPMENT_TEAM = 3JV32ZE9SY;
				GENERATE_INFOPLIST_FILE = YES;
				IPHONEOS_DEPLOYMENT_TARGET = 15.2;
				MARKETING_VERSION = 1.0;
				PRODUCT_BUNDLE_IDENTIFIER = com.iceboxi.JikanDemoTests;
				PRODUCT_NAME = "$(TARGET_NAME)";
				SWIFT_EMIT_LOC_STRINGS = NO;
				SWIFT_VERSION = 5.0;
				TARGETED_DEVICE_FAMILY = "1,2";
				TEST_HOST = "$(BUILT_PRODUCTS_DIR)/JikanDemo.app/JikanDemo";
			};
			name = Debug;
		};
		585FEFFC28029BDF00077BA9 /* Release */ = {
			isa = XCBuildConfiguration;
			buildSettings = {
				ALWAYS_EMBED_SWIFT_STANDARD_LIBRARIES = YES;
				BUNDLE_LOADER = "$(TEST_HOST)";
				CODE_SIGN_STYLE = Automatic;
				CURRENT_PROJECT_VERSION = 1;
				DEVELOPMENT_TEAM = 3JV32ZE9SY;
				GENERATE_INFOPLIST_FILE = YES;
				IPHONEOS_DEPLOYMENT_TARGET = 15.2;
				MARKETING_VERSION = 1.0;
				PRODUCT_BUNDLE_IDENTIFIER = com.iceboxi.JikanDemoTests;
				PRODUCT_NAME = "$(TARGET_NAME)";
				SWIFT_EMIT_LOC_STRINGS = NO;
				SWIFT_VERSION = 5.0;
				TARGETED_DEVICE_FAMILY = "1,2";
				TEST_HOST = "$(BUILT_PRODUCTS_DIR)/JikanDemo.app/JikanDemo";
			};
			name = Release;
		};
		585FEFFE28029BDF00077BA9 /* Debug */ = {
			isa = XCBuildConfiguration;
			buildSettings = {
				ALWAYS_EMBED_SWIFT_STANDARD_LIBRARIES = YES;
				CODE_SIGN_STYLE = Automatic;
				CURRENT_PROJECT_VERSION = 1;
				DEVELOPMENT_TEAM = 3JV32ZE9SY;
				GENERATE_INFOPLIST_FILE = YES;
				MARKETING_VERSION = 1.0;
				PRODUCT_BUNDLE_IDENTIFIER = com.iceboxi.JikanDemoUITests;
				PRODUCT_NAME = "$(TARGET_NAME)";
				SWIFT_EMIT_LOC_STRINGS = NO;
				SWIFT_VERSION = 5.0;
				TARGETED_DEVICE_FAMILY = "1,2";
				TEST_TARGET_NAME = JikanDemo;
			};
			name = Debug;
		};
		585FEFFF28029BDF00077BA9 /* Release */ = {
			isa = XCBuildConfiguration;
			buildSettings = {
				ALWAYS_EMBED_SWIFT_STANDARD_LIBRARIES = YES;
				CODE_SIGN_STYLE = Automatic;
				CURRENT_PROJECT_VERSION = 1;
				DEVELOPMENT_TEAM = 3JV32ZE9SY;
				GENERATE_INFOPLIST_FILE = YES;
				MARKETING_VERSION = 1.0;
				PRODUCT_BUNDLE_IDENTIFIER = com.iceboxi.JikanDemoUITests;
				PRODUCT_NAME = "$(TARGET_NAME)";
				SWIFT_EMIT_LOC_STRINGS = NO;
				SWIFT_VERSION = 5.0;
				TARGETED_DEVICE_FAMILY = "1,2";
				TEST_TARGET_NAME = JikanDemo;
			};
			name = Release;
		};
/* End XCBuildConfiguration section */

/* Begin XCConfigurationList section */
		585FEFC828029BDE00077BA9 /* Build configuration list for PBXProject "JikanDemo" */ = {
			isa = XCConfigurationList;
			buildConfigurations = (
				585FEFF528029BDF00077BA9 /* Debug */,
				585FEFF628029BDF00077BA9 /* Release */,
			);
			defaultConfigurationIsVisible = 0;
			defaultConfigurationName = Release;
		};
		585FEFF728029BDF00077BA9 /* Build configuration list for PBXNativeTarget "JikanDemo" */ = {
			isa = XCConfigurationList;
			buildConfigurations = (
				585FEFF828029BDF00077BA9 /* Debug */,
				585FEFF928029BDF00077BA9 /* Release */,
			);
			defaultConfigurationIsVisible = 0;
			defaultConfigurationName = Release;
		};
		585FEFFA28029BDF00077BA9 /* Build configuration list for PBXNativeTarget "JikanDemoTests" */ = {
			isa = XCConfigurationList;
			buildConfigurations = (
				585FEFFB28029BDF00077BA9 /* Debug */,
				585FEFFC28029BDF00077BA9 /* Release */,
			);
			defaultConfigurationIsVisible = 0;
			defaultConfigurationName = Release;
		};
		585FEFFD28029BDF00077BA9 /* Build configuration list for PBXNativeTarget "JikanDemoUITests" */ = {
			isa = XCConfigurationList;
			buildConfigurations = (
				585FEFFE28029BDF00077BA9 /* Debug */,
				585FEFFF28029BDF00077BA9 /* Release */,
			);
			defaultConfigurationIsVisible = 0;
			defaultConfigurationName = Release;
		};
/* End XCConfigurationList section */

/* Begin XCRemoteSwiftPackageReference section */
		585FF00828029F6400077BA9 /* XCRemoteSwiftPackageReference "RxSwift" */ = {
			isa = XCRemoteSwiftPackageReference;
			repositoryURL = "https://github.com/ReactiveX/RxSwift";
			requirement = {
				kind = upToNextMajorVersion;
				minimumVersion = 6.1.0;
			};
		};
		585FF00D28029F9200077BA9 /* XCRemoteSwiftPackageReference "R.swift" */ = {
			isa = XCRemoteSwiftPackageReference;
			repositoryURL = "https://github.com/mac-cain13/R.swift.Library";
			requirement = {
				kind = upToNextMajorVersion;
				minimumVersion = 5.4.0;
			};
		};
		585FF01028029FEF00077BA9 /* XCRemoteSwiftPackageReference "CocoaLumberjack" */ = {
			isa = XCRemoteSwiftPackageReference;
			repositoryURL = "https://github.com/CocoaLumberjack/CocoaLumberjack.git";
			requirement = {
				kind = upToNextMajorVersion;
				minimumVersion = 3.7.0;
			};
		};
		585FF0132802A02D00077BA9 /* XCRemoteSwiftPackageReference "Moya" */ = {
			isa = XCRemoteSwiftPackageReference;
			repositoryURL = "https://github.com/Moya/Moya.git";
			requirement = {
				kind = upToNextMajorVersion;
				minimumVersion = 15.0.0;
			};
		};
		585FF0162802A04600077BA9 /* XCRemoteSwiftPackageReference "SnapKit" */ = {
			isa = XCRemoteSwiftPackageReference;
			repositoryURL = "https://github.com/SnapKit/SnapKit.git";
			requirement = {
				kind = upToNextMajorVersion;
				minimumVersion = 5.0.0;
			};
		};
		585FF0192802A05800077BA9 /* XCRemoteSwiftPackageReference "NSObject-Rx" */ = {
			isa = XCRemoteSwiftPackageReference;
			repositoryURL = "https://github.com/RxSwiftCommunity/NSObject-Rx";
			requirement = {
				kind = upToNextMajorVersion;
				minimumVersion = 5.0.0;
			};
		};
		585FF01C2802A06C00077BA9 /* XCRemoteSwiftPackageReference "Hero" */ = {
			isa = XCRemoteSwiftPackageReference;
			repositoryURL = "https://github.com/HeroTransitions/Hero";
			requirement = {
				kind = upToNextMajorVersion;
				minimumVersion = 1.6.0;
			};
		};
		585FF01F2802A08B00077BA9 /* XCRemoteSwiftPackageReference "RxGesture" */ = {
			isa = XCRemoteSwiftPackageReference;
			repositoryURL = "https://github.com/RxSwiftCommunity/RxGesture";
			requirement = {
				kind = upToNextMajorVersion;
				minimumVersion = 4.0.0;
			};
		};
		585FF0222802A0AE00077BA9 /* XCRemoteSwiftPackageReference "IQKeyboardManager" */ = {
			isa = XCRemoteSwiftPackageReference;
			repositoryURL = "https://github.com/hackiftekhar/IQKeyboardManager";
			requirement = {
				kind = upToNextMajorVersion;
				minimumVersion = 6.5.0;
			};
		};
		585FF0252802A14F00077BA9 /* XCRemoteSwiftPackageReference "firebase-ios-sdk" */ = {
			isa = XCRemoteSwiftPackageReference;
			repositoryURL = "https://github.com/firebase/firebase-ios-sdk.git";
			requirement = {
				kind = upToNextMajorVersion;
				minimumVersion = 8.9.0;
			};
		};
		585FF02A2802A19100077BA9 /* XCRemoteSwiftPackageReference "RxDataSources" */ = {
			isa = XCRemoteSwiftPackageReference;
			repositoryURL = "https://github.com/RxSwiftCommunity/RxDataSources.git";
			requirement = {
				kind = upToNextMajorVersion;
				minimumVersion = 5.0.0;
			};
		};
		585FF0562802B79600077BA9 /* XCRemoteSwiftPackageReference "ObjectMapper" */ = {
			isa = XCRemoteSwiftPackageReference;
			repositoryURL = "https://github.com/tristanhimmelman/ObjectMapper.git";
			requirement = {
				kind = upToNextMajorVersion;
				minimumVersion = 4.2.0;
			};
		};
		5884453E2803D58B00325D32 /* XCRemoteSwiftPackageReference "Kingfisher" */ = {
			isa = XCRemoteSwiftPackageReference;
			repositoryURL = "https://github.com/onevcat/Kingfisher.git";
			requirement = {
				kind = upToNextMajorVersion;
				minimumVersion = 7.0.0;
			};
		};
/* End XCRemoteSwiftPackageReference section */

/* Begin XCSwiftPackageProductDependency section */
		585FF00928029F6400077BA9 /* RxCocoa */ = {
			isa = XCSwiftPackageProductDependency;
			package = 585FF00828029F6400077BA9 /* XCRemoteSwiftPackageReference "RxSwift" */;
			productName = RxCocoa;
		};
		585FF00B28029F6400077BA9 /* RxSwift */ = {
			isa = XCSwiftPackageProductDependency;
			package = 585FF00828029F6400077BA9 /* XCRemoteSwiftPackageReference "RxSwift" */;
			productName = RxSwift;
		};
		585FF00E28029F9200077BA9 /* Rswift */ = {
			isa = XCSwiftPackageProductDependency;
			package = 585FF00D28029F9200077BA9 /* XCRemoteSwiftPackageReference "R.swift" */;
			productName = Rswift;
		};
		585FF01128029FEF00077BA9 /* CocoaLumberjackSwift */ = {
			isa = XCSwiftPackageProductDependency;
			package = 585FF01028029FEF00077BA9 /* XCRemoteSwiftPackageReference "CocoaLumberjack" */;
			productName = CocoaLumberjackSwift;
		};
		585FF0142802A02D00077BA9 /* RxMoya */ = {
			isa = XCSwiftPackageProductDependency;
			package = 585FF0132802A02D00077BA9 /* XCRemoteSwiftPackageReference "Moya" */;
			productName = RxMoya;
		};
		585FF0172802A04600077BA9 /* SnapKit */ = {
			isa = XCSwiftPackageProductDependency;
			package = 585FF0162802A04600077BA9 /* XCRemoteSwiftPackageReference "SnapKit" */;
			productName = SnapKit;
		};
		585FF01A2802A05900077BA9 /* NSObject-Rx */ = {
			isa = XCSwiftPackageProductDependency;
			package = 585FF0192802A05800077BA9 /* XCRemoteSwiftPackageReference "NSObject-Rx" */;
			productName = "NSObject-Rx";
		};
		585FF01D2802A06C00077BA9 /* Hero */ = {
			isa = XCSwiftPackageProductDependency;
			package = 585FF01C2802A06C00077BA9 /* XCRemoteSwiftPackageReference "Hero" */;
			productName = Hero;
		};
		585FF0202802A08B00077BA9 /* RxGesture */ = {
			isa = XCSwiftPackageProductDependency;
			package = 585FF01F2802A08B00077BA9 /* XCRemoteSwiftPackageReference "RxGesture" */;
			productName = RxGesture;
		};
		585FF0232802A0AE00077BA9 /* IQKeyboardManagerSwift */ = {
			isa = XCSwiftPackageProductDependency;
			package = 585FF0222802A0AE00077BA9 /* XCRemoteSwiftPackageReference "IQKeyboardManager" */;
			productName = IQKeyboardManagerSwift;
		};
		585FF0262802A14F00077BA9 /* FirebaseAnalytics */ = {
			isa = XCSwiftPackageProductDependency;
			package = 585FF0252802A14F00077BA9 /* XCRemoteSwiftPackageReference "firebase-ios-sdk" */;
			productName = FirebaseAnalytics;
		};
		585FF0282802A14F00077BA9 /* FirebaseCrashlytics */ = {
			isa = XCSwiftPackageProductDependency;
			package = 585FF0252802A14F00077BA9 /* XCRemoteSwiftPackageReference "firebase-ios-sdk" */;
			productName = FirebaseCrashlytics;
		};
		585FF02B2802A19100077BA9 /* RxDataSources */ = {
			isa = XCSwiftPackageProductDependency;
			package = 585FF02A2802A19100077BA9 /* XCRemoteSwiftPackageReference "RxDataSources" */;
			productName = RxDataSources;
		};
		585FF0572802B79600077BA9 /* ObjectMapper */ = {
			isa = XCSwiftPackageProductDependency;
			package = 585FF0562802B79600077BA9 /* XCRemoteSwiftPackageReference "ObjectMapper" */;
			productName = ObjectMapper;
		};
		5884453F2803D58C00325D32 /* Kingfisher */ = {
			isa = XCSwiftPackageProductDependency;
			package = 5884453E2803D58B00325D32 /* XCRemoteSwiftPackageReference "Kingfisher" */;
			productName = Kingfisher;
		};
/* End XCSwiftPackageProductDependency section */
	};
	rootObject = 585FEFC528029BDE00077BA9 /* Project object */;
}
